
Microsoft Visual Studio Solution File, Format Version 12.00
# Visual Studio Version 17
VisualStudioVersion = 17.9.34728.123
MinimumVisualStudioVersion = 10.0.40219.1
Project("{9A19103F-16F7-4668-BE54-9A1E7A4F7556}") = "TaNaCesta.API", "TaNaCesta.API\TaNaCesta.API.csproj", "{785B7B99-9D45-4DAE-AD10-60540216840C}"
EndProject
Project("{9A19103F-16F7-4668-BE54-9A1E7A4F7556}") = "TaNaCesta.Application", "TaNaCesta.Application\TaNaCesta.Application.csproj", "{99A514DA-13F3-4711-8B1D-B111291FC513}"
EndProject
Project("{9A19103F-16F7-4668-BE54-9A1E7A4F7556}") = "TaNaCesta.Communication", "TaNaCesta.Communication\TaNaCesta.Communication.csproj", "{07F2E1AE-3A29-4E1A-81A3-C12DC70E53C8}"
EndProject
Project("{9A19103F-16F7-4668-BE54-9A1E7A4F7556}") = "TaNaCesta.Domain", "TaNaCesta.Domain\TaNaCesta.Domain.csproj", "{7A7F2B77-5E49-4589-9674-11A4F212FAB9}"
EndProject
Project("{9A19103F-16F7-4668-BE54-9A1E7A4F7556}") = "TaNaCesta.Infrastructure", "TaNaCesta.Infrastructure\TaNaCesta.Infrastructure.csproj", "{C045D675-2975-4CC7-B78D-07373548C33C}"
EndProject
Project("{FAE04EC0-301F-11D3-BF4B-00C04F79EFBC}") = "TaNaCesta.Tests", "TaNaCesta.Tests\TaNaCesta.Tests.csproj", "{85E6F6D9-9C72-4972-998C-C68BEB4B965F}"
EndProject
Global
	GlobalSection(SolutionConfigurationPlatforms) = preSolution
		Debug|Any CPU = Debug|Any CPU
		Debug|x64 = Debug|x64
		Debug|x86 = Debug|x86
		Release|Any CPU = Release|Any CPU
		Release|x64 = Release|x64
		Release|x86 = Release|x86
	EndGlobalSection
	GlobalSection(ProjectConfigurationPlatforms) = postSolution
		{785B7B99-9D45-4DAE-AD10-60540216840C}.Debug|Any CPU.ActiveCfg = Debug|Any CPU
		{785B7B99-9D45-4DAE-AD10-60540216840C}.Debug|Any CPU.Build.0 = Debug|Any CPU
		{785B7B99-9D45-4DAE-AD10-60540216840C}.Debug|x64.ActiveCfg = Debug|Any CPU
		{785B7B99-9D45-4DAE-AD10-60540216840C}.Debug|x64.Build.0 = Debug|Any CPU
		{785B7B99-9D45-4DAE-AD10-60540216840C}.Debug|x86.ActiveCfg = Debug|Any CPU
		{785B7B99-9D45-4DAE-AD10-60540216840C}.Debug|x86.Build.0 = Debug|Any CPU
		{785B7B99-9D45-4DAE-AD10-60540216840C}.Release|Any CPU.ActiveCfg = Release|Any CPU
		{785B7B99-9D45-4DAE-AD10-60540216840C}.Release|Any CPU.Build.0 = Release|Any CPU
		{785B7B99-9D45-4DAE-AD10-60540216840C}.Release|x64.ActiveCfg = Release|Any CPU
		{785B7B99-9D45-4DAE-AD10-60540216840C}.Release|x64.Build.0 = Release|Any CPU
		{785B7B99-9D45-4DAE-AD10-60540216840C}.Release|x86.ActiveCfg = Release|Any CPU
		{785B7B99-9D45-4DAE-AD10-60540216840C}.Release|x86.Build.0 = Release|Any CPU
		{99A514DA-13F3-4711-8B1D-B111291FC513}.Debug|Any CPU.ActiveCfg = Debug|Any CPU
		{99A514DA-13F3-4711-8B1D-B111291FC513}.Debug|Any CPU.Build.0 = Debug|Any CPU
		{99A514DA-13F3-4711-8B1D-B111291FC513}.Debug|x64.ActiveCfg = Debug|Any CPU
		{99A514DA-13F3-4711-8B1D-B111291FC513}.Debug|x64.Build.0 = Debug|Any CPU
		{99A514DA-13F3-4711-8B1D-B111291FC513}.Debug|x86.ActiveCfg = Debug|Any CPU
		{99A514DA-13F3-4711-8B1D-B111291FC513}.Debug|x86.Build.0 = Debug|Any CPU
		{99A514DA-13F3-4711-8B1D-B111291FC513}.Release|Any CPU.ActiveCfg = Release|Any CPU
		{99A514DA-13F3-4711-8B1D-B111291FC513}.Release|Any CPU.Build.0 = Release|Any CPU
		{99A514DA-13F3-4711-8B1D-B111291FC513}.Release|x64.ActiveCfg = Release|Any CPU
		{99A514DA-13F3-4711-8B1D-B111291FC513}.Release|x64.Build.0 = Release|Any CPU
		{99A514DA-13F3-4711-8B1D-B111291FC513}.Release|x86.ActiveCfg = Release|Any CPU
		{99A514DA-13F3-4711-8B1D-B111291FC513}.Release|x86.Build.0 = Release|Any CPU
		{07F2E1AE-3A29-4E1A-81A3-C12DC70E53C8}.Debug|Any CPU.ActiveCfg = Debug|Any CPU
		{07F2E1AE-3A29-4E1A-81A3-C12DC70E53C8}.Debug|Any CPU.Build.0 = Debug|Any CPU
		{07F2E1AE-3A29-4E1A-81A3-C12DC70E53C8}.Debug|x64.ActiveCfg = Debug|Any CPU
		{07F2E1AE-3A29-4E1A-81A3-C12DC70E53C8}.Debug|x64.Build.0 = Debug|Any CPU
		{07F2E1AE-3A29-4E1A-81A3-C12DC70E53C8}.Debug|x86.ActiveCfg = Debug|Any CPU
		{07F2E1AE-3A29-4E1A-81A3-C12DC70E53C8}.Debug|x86.Build.0 = Debug|Any CPU
		{07F2E1AE-3A29-4E1A-81A3-C12DC70E53C8}.Release|Any CPU.ActiveCfg = Release|Any CPU
		{07F2E1AE-3A29-4E1A-81A3-C12DC70E53C8}.Release|Any CPU.Build.0 = Release|Any CPU
		{07F2E1AE-3A29-4E1A-81A3-C12DC70E53C8}.Release|x64.ActiveCfg = Release|Any CPU
		{07F2E1AE-3A29-4E1A-81A3-C12DC70E53C8}.Release|x64.Build.0 = Release|Any CPU
		{07F2E1AE-3A29-4E1A-81A3-C12DC70E53C8}.Release|x86.ActiveCfg = Release|Any CPU
		{07F2E1AE-3A29-4E1A-81A3-C12DC70E53C8}.Release|x86.Build.0 = Release|Any CPU
		{7A7F2B77-5E49-4589-9674-11A4F212FAB9}.Debug|Any CPU.ActiveCfg = Debug|Any CPU
		{7A7F2B77-5E49-4589-9674-11A4F212FAB9}.Debug|Any CPU.Build.0 = Debug|Any CPU
		{7A7F2B77-5E49-4589-9674-11A4F212FAB9}.Debug|x64.ActiveCfg = Debug|Any CPU
		{7A7F2B77-5E49-4589-9674-11A4F212FAB9}.Debug|x64.Build.0 = Debug|Any CPU
		{7A7F2B77-5E49-4589-9674-11A4F212FAB9}.Debug|x86.ActiveCfg = Debug|Any CPU
		{7A7F2B77-5E49-4589-9674-11A4F212FAB9}.Debug|x86.Build.0 = Debug|Any CPU
		{7A7F2B77-5E49-4589-9674-11A4F212FAB9}.Release|Any CPU.ActiveCfg = Release|Any CPU
		{7A7F2B77-5E49-4589-9674-11A4F212FAB9}.Release|Any CPU.Build.0 = Release|Any CPU
		{7A7F2B77-5E49-4589-9674-11A4F212FAB9}.Release|x64.ActiveCfg = Release|Any CPU
		{7A7F2B77-5E49-4589-9674-11A4F212FAB9}.Release|x64.Build.0 = Release|Any CPU
		{7A7F2B77-5E49-4589-9674-11A4F212FAB9}.Release|x86.ActiveCfg = Release|Any CPU
		{7A7F2B77-5E49-4589-9674-11A4F212FAB9}.Release|x86.Build.0 = Release|Any CPU
		{C045D675-2975-4CC7-B78D-07373548C33C}.Debug|Any CPU.ActiveCfg = Debug|Any CPU
		{C045D675-2975-4CC7-B78D-07373548C33C}.Debug|Any CPU.Build.0 = Debug|Any CPU
		{C045D675-2975-4CC7-B78D-07373548C33C}.Debug|x64.ActiveCfg = Debug|Any CPU
		{C045D675-2975-4CC7-B78D-07373548C33C}.Debug|x64.Build.0 = Debug|Any CPU
		{C045D675-2975-4CC7-B78D-07373548C33C}.Debug|x86.ActiveCfg = Debug|Any CPU
		{C045D675-2975-4CC7-B78D-07373548C33C}.Debug|x86.Build.0 = Debug|Any CPU
		{C045D675-2975-4CC7-B78D-07373548C33C}.Release|Any CPU.ActiveCfg = Release|Any CPU
		{C045D675-2975-4CC7-B78D-07373548C33C}.Release|Any CPU.Build.0 = Release|Any CPU
		{C045D675-2975-4CC7-B78D-07373548C33C}.Release|x64.ActiveCfg = Release|Any CPU
		{C045D675-2975-4CC7-B78D-07373548C33C}.Release|x64.Build.0 = Release|Any CPU
		{C045D675-2975-4CC7-B78D-07373548C33C}.Release|x86.ActiveCfg = Release|Any CPU
		{C045D675-2975-4CC7-B78D-07373548C33C}.Release|x86.Build.0 = Release|Any CPU
		{85E6F6D9-9C72-4972-998C-C68BEB4B965F}.Debug|Any CPU.ActiveCfg = Debug|Any CPU
		{85E6F6D9-9C72-4972-998C-C68BEB4B965F}.Debug|Any CPU.Build.0 = Debug|Any CPU
		{85E6F6D9-9C72-4972-998C-C68BEB4B965F}.Debug|x64.ActiveCfg = Debug|Any CPU
		{85E6F6D9-9C72-4972-998C-C68BEB4B965F}.Debug|x64.Build.0 = Debug|Any CPU
		{85E6F6D9-9C72-4972-998C-C68BEB4B965F}.Debug|x86.ActiveCfg = Debug|Any CPU
		{85E6F6D9-9C72-4972-998C-C68BEB4B965F}.Debug|x86.Build.0 = Debug|Any CPU
		{85E6F6D9-9C72-4972-998C-C68BEB4B965F}.Release|Any CPU.ActiveCfg = Release|Any CPU
		{85E6F6D9-9C72-4972-998C-C68BEB4B965F}.Release|Any CPU.Build.0 = Release|Any CPU
		{85E6F6D9-9C72-4972-998C-C68BEB4B965F}.Release|x64.ActiveCfg = Release|Any CPU
		{85E6F6D9-9C72-4972-998C-C68BEB4B965F}.Release|x64.Build.0 = Release|Any CPU
		{85E6F6D9-9C72-4972-998C-C68BEB4B965F}.Release|x86.ActiveCfg = Release|Any CPU
		{85E6F6D9-9C72-4972-998C-C68BEB4B965F}.Release|x86.Build.0 = Release|Any CPU
	EndGlobalSection
	GlobalSection(SolutionProperties) = preSolution
		HideSolutionNode = FALSE
	EndGlobalSection
	GlobalSection(ExtensibilityGlobals) = postSolution
		SolutionGuid = {5AB78F93-A97C-4E79-AF57-595AA1311314}
	EndGlobalSection
EndGlobal
